
Microsoft Visual Studio Solution File, Format Version 12.00
# Visual Studio Version 16
VisualStudioVersion = 16.0.31729.503
MinimumVisualStudioVersion = 10.0.40219.1
Project("{FAE04EC0-301F-11D3-BF4B-00C04F79EFBC}") = "net_core_angular", "net_core_angular.csproj", "{87F30062-AAE8-40DE-A884-C3468958E89B}"
EndProject
Global
	GlobalSection(SolutionConfigurationPlatforms) = preSolution
		Debug|Any CPU = Debug|Any CPU
		Release|Any CPU = Release|Any CPU
	EndGlobalSection
	GlobalSection(ProjectConfigurationPlatforms) = postSolution
		{87F30062-AAE8-40DE-A884-C3468958E89B}.Debug|Any CPU.ActiveCfg = Debug|Any CPU
		{87F30062-AAE8-40DE-A884-C3468958E89B}.Debug|Any CPU.Build.0 = Debug|Any CPU
		{87F30062-AAE8-40DE-A884-C3468958E89B}.Release|Any CPU.ActiveCfg = Release|Any CPU
		{87F30062-AAE8-40DE-A884-C3468958E89B}.Release|Any CPU.Build.0 = Release|Any CPU
	EndGlobalSection
	GlobalSection(SolutionProperties) = preSolution
		HideSolutionNode = FALSE
	EndGlobalSection
	GlobalSection(ExtensibilityGlobals) = postSolution
		SolutionGuid = {5F190551-8AB3-4363-B53B-0EB33CCDC252}
	EndGlobalSection
EndGlobal
